
Microsoft Visual Studio Solution File, Format Version 12.00
# Visual Studio 14
VisualStudioVersion = 14.0.23107.0
MinimumVisualStudioVersion = 10.0.40219.1
Project("{FAE04EC0-301F-11D3-BF4B-00C04F79EFBC}") = "Primes", "Primes.csproj", "{EE3F08DD-D933-4785-8783-89DCF52EE16C}"
EndProject
Project("{2150E333-8FDC-42A3-9474-1A3956D46DE8}") = "Solution Items", "Solution Items", "{292B23A1-4C76-4FB8-95D4-8B80D894B0EF}"
	ProjectSection(SolutionItems) = preProject
		profilenotes.txt = profilenotes.txt
	EndProjectSection
EndProject
Global
	GlobalSection(SolutionConfigurationPlatforms) = preSolution
		Debug|Any CPU = Debug|Any CPU
		Release|Any CPU = Release|Any CPU
	EndGlobalSection
	GlobalSection(ProjectConfigurationPlatforms) = postSolution
		{EE3F08DD-D933-4785-8783-89DCF52EE16C}.Debug|Any CPU.ActiveCfg = Debug|Any CPU
		{EE3F08DD-D933-4785-8783-89DCF52EE16C}.Debug|Any CPU.Build.0 = Debug|Any CPU
		{EE3F08DD-D933-4785-8783-89DCF52EE16C}.Release|Any CPU.ActiveCfg = Release|Any CPU
		{EE3F08DD-D933-4785-8783-89DCF52EE16C}.Release|Any CPU.Build.0 = Release|Any CPU
	EndGlobalSection
	GlobalSection(SolutionProperties) = preSolution
		HideSolutionNode = FALSE
	EndGlobalSection
EndGlobal
